
Microsoft Visual Studio Solution File, Format Version 12.00
# Visual Studio 15
VisualStudioVersion = 15.0.28307.329
MinimumVisualStudioVersion = 10.0.40219.1
Project("{FAE04EC0-301F-11D3-BF4B-00C04F79EFBC}") = "BancoCentral", "BancoCentral\BancoCentral.csproj", "{5B38370D-FF61-4D2A-8BD9-861E722FBF60}"
EndProject
Global
	GlobalSection(SolutionConfigurationPlatforms) = preSolution
		Debug|Any CPU = Debug|Any CPU
		Release|Any CPU = Release|Any CPU
	EndGlobalSection
	GlobalSection(ProjectConfigurationPlatforms) = postSolution
		{5B38370D-FF61-4D2A-8BD9-861E722FBF60}.Debug|Any CPU.ActiveCfg = Debug|Any CPU
		{5B38370D-FF61-4D2A-8BD9-861E722FBF60}.Debug|Any CPU.Build.0 = Debug|Any CPU
		{5B38370D-FF61-4D2A-8BD9-861E722FBF60}.Release|Any CPU.ActiveCfg = Release|Any CPU
		{5B38370D-FF61-4D2A-8BD9-861E722FBF60}.Release|Any CPU.Build.0 = Release|Any CPU
	EndGlobalSection
	GlobalSection(SolutionProperties) = preSolution
		HideSolutionNode = FALSE
	EndGlobalSection
	GlobalSection(ExtensibilityGlobals) = postSolution
		SolutionGuid = {33914412-44B3-493F-8F7A-A6F6D60D717A}
	EndGlobalSection
EndGlobal
